
Microsoft Visual Studio Solution File, Format Version 12.00
# Visual Studio Version 17
VisualStudioVersion = 17.7.34221.43
MinimumVisualStudioVersion = 10.0.40219.1
Project("{8BC9CEB8-8B4A-11D0-8D11-00A0C91BC942}") = "sha1", "sha1\sha1.vcxproj", "{207B6073-93A5-4ECE-9B40-CDA8FCE82E01}"
EndProject
Global
	GlobalSection(SolutionConfigurationPlatforms) = preSolution
		Debug|x64 = Debug|x64
		Debug|x86 = Debug|x86
		Release|x64 = Release|x64
		Release|x86 = Release|x86
	EndGlobalSection
	GlobalSection(ProjectConfigurationPlatforms) = postSolution
		{207B6073-93A5-4ECE-9B40-CDA8FCE82E01}.Debug|x64.ActiveCfg = Debug|x64
		{207B6073-93A5-4ECE-9B40-CDA8FCE82E01}.Debug|x64.Build.0 = Debug|x64
		{207B6073-93A5-4ECE-9B40-CDA8FCE82E01}.Debug|x86.ActiveCfg = Debug|Win32
		{207B6073-93A5-4ECE-9B40-CDA8FCE82E01}.Debug|x86.Build.0 = Debug|Win32
		{207B6073-93A5-4ECE-9B40-CDA8FCE82E01}.Release|x64.ActiveCfg = Release|x64
		{207B6073-93A5-4ECE-9B40-CDA8FCE82E01}.Release|x64.Build.0 = Release|x64
		{207B6073-93A5-4ECE-9B40-CDA8FCE82E01}.Release|x86.ActiveCfg = Release|Win32
		{207B6073-93A5-4ECE-9B40-CDA8FCE82E01}.Release|x86.Build.0 = Release|Win32
	EndGlobalSection
	GlobalSection(SolutionProperties) = preSolution
		HideSolutionNode = FALSE
	EndGlobalSection
	GlobalSection(ExtensibilityGlobals) = postSolution
		SolutionGuid = {141F38AA-423F-47E6-A9A6-AD055A3C45C6}
	EndGlobalSection
EndGlobal
